// !$*UTF8*$!
{
	archiveVersion = 1;
	classes = {
	};
	objectVersion = 51;
	objects = {

/* Begin PBXBuildFile section */
		18F949E9C84C427CC1939122 /* Pods_TaskCalendarApp_TaskCalendarAppUITests.framework in Frameworks */ = {isa = PBXBuildFile; fileRef = 045FC533FB361DD4B94B2B3D /* Pods_TaskCalendarApp_TaskCalendarAppUITests.framework */; };
		3DA45F0623BA0E5B00F9B36E /* CalendarDayCell.swift in Sources */ = {isa = PBXBuildFile; fileRef = 3DA45F0423BA0E5B00F9B36E /* CalendarDayCell.swift */; };
		3DA45F0723BA0E5B00F9B36E /* CalendarDayCell.xib in Resources */ = {isa = PBXBuildFile; fileRef = 3DA45F0523BA0E5B00F9B36E /* CalendarDayCell.xib */; };
		3DA45F0A23BA12E200F9B36E /* UICollectionView+Extensions.swift in Sources */ = {isa = PBXBuildFile; fileRef = 3DA45F0923BA12E200F9B36E /* UICollectionView+Extensions.swift */; };
		3DA45F0C23BA132600F9B36E /* NSObject+extension.swift in Sources */ = {isa = PBXBuildFile; fileRef = 3DA45F0B23BA132600F9B36E /* NSObject+extension.swift */; };
		3DFA0AC123BA0A1F0012BF4F /* AppDelegate.swift in Sources */ = {isa = PBXBuildFile; fileRef = 3DFA0AC023BA0A1F0012BF4F /* AppDelegate.swift */; };
		3DFA0AC323BA0A1F0012BF4F /* SceneDelegate.swift in Sources */ = {isa = PBXBuildFile; fileRef = 3DFA0AC223BA0A1F0012BF4F /* SceneDelegate.swift */; };
		3DFA0AC523BA0A1F0012BF4F /* CalendarViewController.swift in Sources */ = {isa = PBXBuildFile; fileRef = 3DFA0AC423BA0A1F0012BF4F /* CalendarViewController.swift */; };
		3DFA0AC823BA0A1F0012BF4F /* Main.storyboard in Resources */ = {isa = PBXBuildFile; fileRef = 3DFA0AC623BA0A1F0012BF4F /* Main.storyboard */; };
		3DFA0ACA23BA0A200012BF4F /* Assets.xcassets in Resources */ = {isa = PBXBuildFile; fileRef = 3DFA0AC923BA0A200012BF4F /* Assets.xcassets */; };
		3DFA0ACD23BA0A200012BF4F /* LaunchScreen.storyboard in Resources */ = {isa = PBXBuildFile; fileRef = 3DFA0ACB23BA0A200012BF4F /* LaunchScreen.storyboard */; };
		3DFA0AD823BA0A200012BF4F /* TaskCalendarAppTests.swift in Sources */ = {isa = PBXBuildFile; fileRef = 3DFA0AD723BA0A200012BF4F /* TaskCalendarAppTests.swift */; };
		3DFA0AE323BA0A200012BF4F /* TaskCalendarAppUITests.swift in Sources */ = {isa = PBXBuildFile; fileRef = 3DFA0AE223BA0A200012BF4F /* TaskCalendarAppUITests.swift */; };
		76190D949E1E4DB9177C76CA /* Pods_TaskCalendarAppTests.framework in Frameworks */ = {isa = PBXBuildFile; fileRef = 87016DE1EE3EF18D1845C46A /* Pods_TaskCalendarAppTests.framework */; };
		800C52E677F238A4AC4C77D0 /* Pods_TaskCalendarApp.framework in Frameworks */ = {isa = PBXBuildFile; fileRef = 9B4C4D6C9A6EE577FD34B889 /* Pods_TaskCalendarApp.framework */; };
/* End PBXBuildFile section */

/* Begin PBXContainerItemProxy section */
		3DFA0AD423BA0A200012BF4F /* PBXContainerItemProxy */ = {
			isa = PBXContainerItemProxy;
			containerPortal = 3DFA0AB523BA0A1F0012BF4F /* Project object */;
			proxyType = 1;
			remoteGlobalIDString = 3DFA0ABC23BA0A1F0012BF4F;
			remoteInfo = TaskCalendarApp;
		};
		3DFA0ADF23BA0A200012BF4F /* PBXContainerItemProxy */ = {
			isa = PBXContainerItemProxy;
			containerPortal = 3DFA0AB523BA0A1F0012BF4F /* Project object */;
			proxyType = 1;
			remoteGlobalIDString = 3DFA0ABC23BA0A1F0012BF4F;
			remoteInfo = TaskCalendarApp;
		};
/* End PBXContainerItemProxy section */

/* Begin PBXFileReference section */
		045FC533FB361DD4B94B2B3D /* Pods_TaskCalendarApp_TaskCalendarAppUITests.framework */ = {isa = PBXFileReference; explicitFileType = wrapper.framework; includeInIndex = 0; path = Pods_TaskCalendarApp_TaskCalendarAppUITests.framework; sourceTree = BUILT_PRODUCTS_DIR; };
		33B1AE43000382E40F0BA3E9 /* Pods-TaskCalendarApp.debug.xcconfig */ = {isa = PBXFileReference; includeInIndex = 1; lastKnownFileType = text.xcconfig; name = "Pods-TaskCalendarApp.debug.xcconfig"; path = "Target Support Files/Pods-TaskCalendarApp/Pods-TaskCalendarApp.debug.xcconfig"; sourceTree = "<group>"; };
		3DA45F0423BA0E5B00F9B36E /* CalendarDayCell.swift */ = {isa = PBXFileReference; lastKnownFileType = sourcecode.swift; path = CalendarDayCell.swift; sourceTree = "<group>"; };
		3DA45F0523BA0E5B00F9B36E /* CalendarDayCell.xib */ = {isa = PBXFileReference; lastKnownFileType = file.xib; path = CalendarDayCell.xib; sourceTree = "<group>"; };
		3DA45F0923BA12E200F9B36E /* UICollectionView+Extensions.swift */ = {isa = PBXFileReference; lastKnownFileType = sourcecode.swift; path = "UICollectionView+Extensions.swift"; sourceTree = "<group>"; };
		3DA45F0B23BA132600F9B36E /* NSObject+extension.swift */ = {isa = PBXFileReference; lastKnownFileType = sourcecode.swift; path = "NSObject+extension.swift"; sourceTree = "<group>"; };
		3DFA0ABD23BA0A1F0012BF4F /* TaskCalendarApp.app */ = {isa = PBXFileReference; explicitFileType = wrapper.application; includeInIndex = 0; path = TaskCalendarApp.app; sourceTree = BUILT_PRODUCTS_DIR; };
		3DFA0AC023BA0A1F0012BF4F /* AppDelegate.swift */ = {isa = PBXFileReference; lastKnownFileType = sourcecode.swift; path = AppDelegate.swift; sourceTree = "<group>"; };
		3DFA0AC223BA0A1F0012BF4F /* SceneDelegate.swift */ = {isa = PBXFileReference; lastKnownFileType = sourcecode.swift; path = SceneDelegate.swift; sourceTree = "<group>"; };
		3DFA0AC423BA0A1F0012BF4F /* CalendarViewController.swift */ = {isa = PBXFileReference; lastKnownFileType = sourcecode.swift; path = CalendarViewController.swift; sourceTree = "<group>"; };
		3DFA0AC723BA0A1F0012BF4F /* Base */ = {isa = PBXFileReference; lastKnownFileType = file.storyboard; name = Base; path = Base.lproj/Main.storyboard; sourceTree = "<group>"; };
		3DFA0AC923BA0A200012BF4F /* Assets.xcassets */ = {isa = PBXFileReference; lastKnownFileType = folder.assetcatalog; path = Assets.xcassets; sourceTree = "<group>"; };
		3DFA0ACC23BA0A200012BF4F /* Base */ = {isa = PBXFileReference; lastKnownFileType = file.storyboard; name = Base; path = Base.lproj/LaunchScreen.storyboard; sourceTree = "<group>"; };
		3DFA0ACE23BA0A200012BF4F /* Info.plist */ = {isa = PBXFileReference; lastKnownFileType = text.plist.xml; path = Info.plist; sourceTree = "<group>"; };
		3DFA0AD323BA0A200012BF4F /* TaskCalendarAppTests.xctest */ = {isa = PBXFileReference; explicitFileType = wrapper.cfbundle; includeInIndex = 0; path = TaskCalendarAppTests.xctest; sourceTree = BUILT_PRODUCTS_DIR; };
		3DFA0AD723BA0A200012BF4F /* TaskCalendarAppTests.swift */ = {isa = PBXFileReference; lastKnownFileType = sourcecode.swift; path = TaskCalendarAppTests.swift; sourceTree = "<group>"; };
		3DFA0AD923BA0A200012BF4F /* Info.plist */ = {isa = PBXFileReference; lastKnownFileType = text.plist.xml; path = Info.plist; sourceTree = "<group>"; };
		3DFA0ADE23BA0A200012BF4F /* TaskCalendarAppUITests.xctest */ = {isa = PBXFileReference; explicitFileType = wrapper.cfbundle; includeInIndex = 0; path = TaskCalendarAppUITests.xctest; sourceTree = BUILT_PRODUCTS_DIR; };
		3DFA0AE223BA0A200012BF4F /* TaskCalendarAppUITests.swift */ = {isa = PBXFileReference; lastKnownFileType = sourcecode.swift; path = TaskCalendarAppUITests.swift; sourceTree = "<group>"; };
		3DFA0AE423BA0A200012BF4F /* Info.plist */ = {isa = PBXFileReference; lastKnownFileType = text.plist.xml; path = Info.plist; sourceTree = "<group>"; };
		5766C02754FAB7D14F4BE17B /* Pods-TaskCalendarAppTests.debug.xcconfig */ = {isa = PBXFileReference; includeInIndex = 1; lastKnownFileType = text.xcconfig; name = "Pods-TaskCalendarAppTests.debug.xcconfig"; path = "Target Support Files/Pods-TaskCalendarAppTests/Pods-TaskCalendarAppTests.debug.xcconfig"; sourceTree = "<group>"; };
		803125153E8743E79AFBC9AC /* Pods-TaskCalendarAppTests.release.xcconfig */ = {isa = PBXFileReference; includeInIndex = 1; lastKnownFileType = text.xcconfig; name = "Pods-TaskCalendarAppTests.release.xcconfig"; path = "Target Support Files/Pods-TaskCalendarAppTests/Pods-TaskCalendarAppTests.release.xcconfig"; sourceTree = "<group>"; };
		87016DE1EE3EF18D1845C46A /* Pods_TaskCalendarAppTests.framework */ = {isa = PBXFileReference; explicitFileType = wrapper.framework; includeInIndex = 0; path = Pods_TaskCalendarAppTests.framework; sourceTree = BUILT_PRODUCTS_DIR; };
		9B4C4D6C9A6EE577FD34B889 /* Pods_TaskCalendarApp.framework */ = {isa = PBXFileReference; explicitFileType = wrapper.framework; includeInIndex = 0; path = Pods_TaskCalendarApp.framework; sourceTree = BUILT_PRODUCTS_DIR; };
		BA6B0711B12DA3534536E397 /* Pods-TaskCalendarApp-TaskCalendarAppUITests.release.xcconfig */ = {isa = PBXFileReference; includeInIndex = 1; lastKnownFileType = text.xcconfig; name = "Pods-TaskCalendarApp-TaskCalendarAppUITests.release.xcconfig"; path = "Target Support Files/Pods-TaskCalendarApp-TaskCalendarAppUITests/Pods-TaskCalendarApp-TaskCalendarAppUITests.release.xcconfig"; sourceTree = "<group>"; };
		F48136185F7FC73F495E3A84 /* Pods-TaskCalendarApp.release.xcconfig */ = {isa = PBXFileReference; includeInIndex = 1; lastKnownFileType = text.xcconfig; name = "Pods-TaskCalendarApp.release.xcconfig"; path = "Target Support Files/Pods-TaskCalendarApp/Pods-TaskCalendarApp.release.xcconfig"; sourceTree = "<group>"; };
		F8C7C0B2196253E4199C372E /* Pods-TaskCalendarApp-TaskCalendarAppUITests.debug.xcconfig */ = {isa = PBXFileReference; includeInIndex = 1; lastKnownFileType = text.xcconfig; name = "Pods-TaskCalendarApp-TaskCalendarAppUITests.debug.xcconfig"; path = "Target Support Files/Pods-TaskCalendarApp-TaskCalendarAppUITests/Pods-TaskCalendarApp-TaskCalendarAppUITests.debug.xcconfig"; sourceTree = "<group>"; };
/* End PBXFileReference section */

/* Begin PBXFrameworksBuildPhase section */
		3DFA0ABA23BA0A1F0012BF4F /* Frameworks */ = {
			isa = PBXFrameworksBuildPhase;
			buildActionMask = 2147483647;
			files = (
				800C52E677F238A4AC4C77D0 /* Pods_TaskCalendarApp.framework in Frameworks */,
			);
			runOnlyForDeploymentPostprocessing = 0;
		};
		3DFA0AD023BA0A200012BF4F /* Frameworks */ = {
			isa = PBXFrameworksBuildPhase;
			buildActionMask = 2147483647;
			files = (
				76190D949E1E4DB9177C76CA /* Pods_TaskCalendarAppTests.framework in Frameworks */,
			);
			runOnlyForDeploymentPostprocessing = 0;
		};
		3DFA0ADB23BA0A200012BF4F /* Frameworks */ = {
			isa = PBXFrameworksBuildPhase;
			buildActionMask = 2147483647;
			files = (
				18F949E9C84C427CC1939122 /* Pods_TaskCalendarApp_TaskCalendarAppUITests.framework in Frameworks */,
			);
			runOnlyForDeploymentPostprocessing = 0;
		};
/* End PBXFrameworksBuildPhase section */

/* Begin PBXGroup section */
		3DA45F0023BA0C3F00F9B36E /* ViewController */ = {
			isa = PBXGroup;
			children = (
				3DFA0AC423BA0A1F0012BF4F /* CalendarViewController.swift */,
				3DFA0AC623BA0A1F0012BF4F /* Main.storyboard */,
			);
			path = ViewController;
			sourceTree = "<group>";
		};
		3DA45F0123BA0C4D00F9B36E /* View */ = {
			isa = PBXGroup;
			children = (
				3DA45F0423BA0E5B00F9B36E /* CalendarDayCell.swift */,
				3DA45F0523BA0E5B00F9B36E /* CalendarDayCell.xib */,
			);
			path = View;
			sourceTree = "<group>";
		};
		3DA45F0223BA0C5800F9B36E /* ViewModel */ = {
			isa = PBXGroup;
			children = (
			);
			path = ViewModel;
			sourceTree = "<group>";
		};
		3DA45F0323BA0C6700F9B36E /* UseCase */ = {
			isa = PBXGroup;
			children = (
			);
			path = UseCase;
			sourceTree = "<group>";
		};
		3DA45F0823BA12C600F9B36E /* Utility */ = {
			isa = PBXGroup;
			children = (
				3DA45F0923BA12E200F9B36E /* UICollectionView+Extensions.swift */,
				3DA45F0B23BA132600F9B36E /* NSObject+extension.swift */,
			);
			path = Utility;
			sourceTree = "<group>";
		};
		3DFA0AB423BA0A1F0012BF4F = {
			isa = PBXGroup;
			children = (
				3DFA0ABF23BA0A1F0012BF4F /* TaskCalendarApp */,
				3DFA0AD623BA0A200012BF4F /* TaskCalendarAppTests */,
				3DFA0AE123BA0A200012BF4F /* TaskCalendarAppUITests */,
				3DFA0ABE23BA0A1F0012BF4F /* Products */,
				C32CF2CC23BD8A808B376079 /* Pods */,
				9992CB3E262E4A396A17FA5F /* Frameworks */,
			);
			sourceTree = "<group>";
		};
		3DFA0ABE23BA0A1F0012BF4F /* Products */ = {
			isa = PBXGroup;
			children = (
				3DFA0ABD23BA0A1F0012BF4F /* TaskCalendarApp.app */,
				3DFA0AD323BA0A200012BF4F /* TaskCalendarAppTests.xctest */,
				3DFA0ADE23BA0A200012BF4F /* TaskCalendarAppUITests.xctest */,
			);
			name = Products;
			sourceTree = "<group>";
		};
		3DFA0ABF23BA0A1F0012BF4F /* TaskCalendarApp */ = {
			isa = PBXGroup;
			children = (
				3DFA0AC023BA0A1F0012BF4F /* AppDelegate.swift */,
				3DFA0AC223BA0A1F0012BF4F /* SceneDelegate.swift */,
				3DA45F0023BA0C3F00F9B36E /* ViewController */,
				3DA45F0123BA0C4D00F9B36E /* View */,
				3DA45F0223BA0C5800F9B36E /* ViewModel */,
				3DA45F0323BA0C6700F9B36E /* UseCase */,
				3DA45F0823BA12C600F9B36E /* Utility */,
				3DFA0AC923BA0A200012BF4F /* Assets.xcassets */,
				3DFA0ACB23BA0A200012BF4F /* LaunchScreen.storyboard */,
				3DFA0ACE23BA0A200012BF4F /* Info.plist */,
			);
			path = TaskCalendarApp;
			sourceTree = "<group>";
		};
		3DFA0AD623BA0A200012BF4F /* TaskCalendarAppTests */ = {
			isa = PBXGroup;
			children = (
				3DFA0AD723BA0A200012BF4F /* TaskCalendarAppTests.swift */,
				3DFA0AD923BA0A200012BF4F /* Info.plist */,
			);
			path = TaskCalendarAppTests;
			sourceTree = "<group>";
		};
		3DFA0AE123BA0A200012BF4F /* TaskCalendarAppUITests */ = {
			isa = PBXGroup;
			children = (
				3DFA0AE223BA0A200012BF4F /* TaskCalendarAppUITests.swift */,
				3DFA0AE423BA0A200012BF4F /* Info.plist */,
			);
			path = TaskCalendarAppUITests;
			sourceTree = "<group>";
		};
		9992CB3E262E4A396A17FA5F /* Frameworks */ = {
			isa = PBXGroup;
			children = (
				9B4C4D6C9A6EE577FD34B889 /* Pods_TaskCalendarApp.framework */,
				045FC533FB361DD4B94B2B3D /* Pods_TaskCalendarApp_TaskCalendarAppUITests.framework */,
				87016DE1EE3EF18D1845C46A /* Pods_TaskCalendarAppTests.framework */,
			);
			name = Frameworks;
			sourceTree = "<group>";
		};
		C32CF2CC23BD8A808B376079 /* Pods */ = {
			isa = PBXGroup;
			children = (
				33B1AE43000382E40F0BA3E9 /* Pods-TaskCalendarApp.debug.xcconfig */,
				F48136185F7FC73F495E3A84 /* Pods-TaskCalendarApp.release.xcconfig */,
				F8C7C0B2196253E4199C372E /* Pods-TaskCalendarApp-TaskCalendarAppUITests.debug.xcconfig */,
				BA6B0711B12DA3534536E397 /* Pods-TaskCalendarApp-TaskCalendarAppUITests.release.xcconfig */,
				5766C02754FAB7D14F4BE17B /* Pods-TaskCalendarAppTests.debug.xcconfig */,
				803125153E8743E79AFBC9AC /* Pods-TaskCalendarAppTests.release.xcconfig */,
			);
			path = Pods;
			sourceTree = "<group>";
		};
/* End PBXGroup section */

/* Begin PBXNativeTarget section */
		3DFA0ABC23BA0A1F0012BF4F /* TaskCalendarApp */ = {
			isa = PBXNativeTarget;
			buildConfigurationList = 3DFA0AE723BA0A200012BF4F /* Build configuration list for PBXNativeTarget "TaskCalendarApp" */;
			buildPhases = (
				B47C48021AE7982E0D89B88C /* [CP] Check Pods Manifest.lock */,
				3DFA0AB923BA0A1F0012BF4F /* Sources */,
				3DFA0ABA23BA0A1F0012BF4F /* Frameworks */,
				3DFA0ABB23BA0A1F0012BF4F /* Resources */,
				793E5F884E24842DC74C2B6D /* [CP] Embed Pods Frameworks */,
			);
			buildRules = (
			);
			dependencies = (
			);
			name = TaskCalendarApp;
			productName = TaskCalendarApp;
			productReference = 3DFA0ABD23BA0A1F0012BF4F /* TaskCalendarApp.app */;
			productType = "com.apple.product-type.application";
		};
		3DFA0AD223BA0A200012BF4F /* TaskCalendarAppTests */ = {
			isa = PBXNativeTarget;
			buildConfigurationList = 3DFA0AEA23BA0A200012BF4F /* Build configuration list for PBXNativeTarget "TaskCalendarAppTests" */;
			buildPhases = (
				A7766941B2023FFD614DEB76 /* [CP] Check Pods Manifest.lock */,
				3DFA0ACF23BA0A200012BF4F /* Sources */,
				3DFA0AD023BA0A200012BF4F /* Frameworks */,
				3DFA0AD123BA0A200012BF4F /* Resources */,
			);
			buildRules = (
			);
			dependencies = (
				3DFA0AD523BA0A200012BF4F /* PBXTargetDependency */,
			);
			name = TaskCalendarAppTests;
			productName = TaskCalendarAppTests;
			productReference = 3DFA0AD323BA0A200012BF4F /* TaskCalendarAppTests.xctest */;
			productType = "com.apple.product-type.bundle.unit-test";
		};
		3DFA0ADD23BA0A200012BF4F /* TaskCalendarAppUITests */ = {
			isa = PBXNativeTarget;
			buildConfigurationList = 3DFA0AED23BA0A200012BF4F /* Build configuration list for PBXNativeTarget "TaskCalendarAppUITests" */;
			buildPhases = (
				1C5CAE833AC31A5DD5E60257 /* [CP] Check Pods Manifest.lock */,
				3DFA0ADA23BA0A200012BF4F /* Sources */,
				3DFA0ADB23BA0A200012BF4F /* Frameworks */,
				3DFA0ADC23BA0A200012BF4F /* Resources */,
				B6C521439E9A86CA274D2D3E /* [CP] Embed Pods Frameworks */,
			);
			buildRules = (
			);
			dependencies = (
				3DFA0AE023BA0A200012BF4F /* PBXTargetDependency */,
			);
			name = TaskCalendarAppUITests;
			productName = TaskCalendarAppUITests;
			productReference = 3DFA0ADE23BA0A200012BF4F /* TaskCalendarAppUITests.xctest */;
			productType = "com.apple.product-type.bundle.ui-testing";
		};
/* End PBXNativeTarget section */

/* Begin PBXProject section */
		3DFA0AB523BA0A1F0012BF4F /* Project object */ = {
			isa = PBXProject;
			attributes = {
				LastSwiftUpdateCheck = 1110;
				LastUpgradeCheck = 1110;
				ORGANIZATIONNAME = "nakanishi wataru";
				TargetAttributes = {
					3DFA0ABC23BA0A1F0012BF4F = {
						CreatedOnToolsVersion = 11.1;
					};
					3DFA0AD223BA0A200012BF4F = {
						CreatedOnToolsVersion = 11.1;
						TestTargetID = 3DFA0ABC23BA0A1F0012BF4F;
					};
					3DFA0ADD23BA0A200012BF4F = {
						CreatedOnToolsVersion = 11.1;
						TestTargetID = 3DFA0ABC23BA0A1F0012BF4F;
					};
				};
			};
			buildConfigurationList = 3DFA0AB823BA0A1F0012BF4F /* Build configuration list for PBXProject "TaskCalendarApp" */;
			compatibilityVersion = "Xcode 9.3";
			developmentRegion = en;
			hasScannedForEncodings = 0;
			knownRegions = (
				en,
				Base,
			);
			mainGroup = 3DFA0AB423BA0A1F0012BF4F;
			productRefGroup = 3DFA0ABE23BA0A1F0012BF4F /* Products */;
			projectDirPath = "";
			projectRoot = "";
			targets = (
				3DFA0ABC23BA0A1F0012BF4F /* TaskCalendarApp */,
				3DFA0AD223BA0A200012BF4F /* TaskCalendarAppTests */,
				3DFA0ADD23BA0A200012BF4F /* TaskCalendarAppUITests */,
			);
		};
/* End PBXProject section */

/* Begin PBXResourcesBuildPhase section */
		3DFA0ABB23BA0A1F0012BF4F /* Resources */ = {
			isa = PBXResourcesBuildPhase;
			buildActionMask = 2147483647;
			files = (
				3DA45F0723BA0E5B00F9B36E /* CalendarDayCell.xib in Resources */,
				3DFA0ACD23BA0A200012BF4F /* LaunchScreen.storyboard in Resources */,
				3DFA0ACA23BA0A200012BF4F /* Assets.xcassets in Resources */,
				3DFA0AC823BA0A1F0012BF4F /* Main.storyboard in Resources */,
			);
			runOnlyForDeploymentPostprocessing = 0;
		};
		3DFA0AD123BA0A200012BF4F /* Resources */ = {
			isa = PBXResourcesBuildPhase;
			buildActionMask = 2147483647;
			files = (
			);
			runOnlyForDeploymentPostprocessing = 0;
		};
		3DFA0ADC23BA0A200012BF4F /* Resources */ = {
			isa = PBXResourcesBuildPhase;
			buildActionMask = 2147483647;
			files = (
			);
			runOnlyForDeploymentPostprocessing = 0;
		};
/* End PBXResourcesBuildPhase section */

/* Begin PBXShellScriptBuildPhase section */
		1C5CAE833AC31A5DD5E60257 /* [CP] Check Pods Manifest.lock */ = {
			isa = PBXShellScriptBuildPhase;
			buildActionMask = 2147483647;
			files = (
			);
			inputFileListPaths = (
			);
			inputPaths = (
				"${PODS_PODFILE_DIR_PATH}/Podfile.lock",
				"${PODS_ROOT}/Manifest.lock",
			);
			name = "[CP] Check Pods Manifest.lock";
			outputFileListPaths = (
			);
			outputPaths = (
				"$(DERIVED_FILE_DIR)/Pods-TaskCalendarApp-TaskCalendarAppUITests-checkManifestLockResult.txt",
			);
			runOnlyForDeploymentPostprocessing = 0;
			shellPath = /bin/sh;
			shellScript = "diff \"${PODS_PODFILE_DIR_PATH}/Podfile.lock\" \"${PODS_ROOT}/Manifest.lock\" > /dev/null\nif [ $? != 0 ] ; then\n    # print error to STDERR\n    echo \"error: The sandbox is not in sync with the Podfile.lock. Run 'pod install' or update your CocoaPods installation.\" >&2\n    exit 1\nfi\n# This output is used by Xcode 'outputs' to avoid re-running this script phase.\necho \"SUCCESS\" > \"${SCRIPT_OUTPUT_FILE_0}\"\n";
			showEnvVarsInLog = 0;
		};
		793E5F884E24842DC74C2B6D /* [CP] Embed Pods Frameworks */ = {
			isa = PBXShellScriptBuildPhase;
			buildActionMask = 2147483647;
			files = (
			);
			inputFileListPaths = (
				"${PODS_ROOT}/Target Support Files/Pods-TaskCalendarApp/Pods-TaskCalendarApp-frameworks-${CONFIGURATION}-input-files.xcfilelist",
			);
			name = "[CP] Embed Pods Frameworks";
			outputFileListPaths = (
				"${PODS_ROOT}/Target Support Files/Pods-TaskCalendarApp/Pods-TaskCalendarApp-frameworks-${CONFIGURATION}-output-files.xcfilelist",
			);
			runOnlyForDeploymentPostprocessing = 0;
			shellPath = /bin/sh;
			shellScript = "\"${PODS_ROOT}/Target Support Files/Pods-TaskCalendarApp/Pods-TaskCalendarApp-frameworks.sh\"\n";
			showEnvVarsInLog = 0;
		};
		A7766941B2023FFD614DEB76 /* [CP] Check Pods Manifest.lock */ = {
			isa = PBXShellScriptBuildPhase;
			buildActionMask = 2147483647;
			files = (
			);
			inputFileListPaths = (
			);
			inputPaths = (
				"${PODS_PODFILE_DIR_PATH}/Podfile.lock",
				"${PODS_ROOT}/Manifest.lock",
			);
			name = "[CP] Check Pods Manifest.lock";
			outputFileListPaths = (
			);
			outputPaths = (
				"$(DERIVED_FILE_DIR)/Pods-TaskCalendarAppTests-checkManifestLockResult.txt",
			);
			runOnlyForDeploymentPostprocessing = 0;
			shellPath = /bin/sh;
			shellScript = "diff \"${PODS_PODFILE_DIR_PATH}/Podfile.lock\" \"${PODS_ROOT}/Manifest.lock\" > /dev/null\nif [ $? != 0 ] ; then\n    # print error to STDERR\n    echo \"error: The sandbox is not in sync with the Podfile.lock. Run 'pod install' or update your CocoaPods installation.\" >&2\n    exit 1\nfi\n# This output is used by Xcode 'outputs' to avoid re-running this script phase.\necho \"SUCCESS\" > \"${SCRIPT_OUTPUT_FILE_0}\"\n";
			showEnvVarsInLog = 0;
		};
		B47C48021AE7982E0D89B88C /* [CP] Check Pods Manifest.lock */ = {
			isa = PBXShellScriptBuildPhase;
			buildActionMask = 2147483647;
			files = (
			);
			inputFileListPaths = (
			);
			inputPaths = (
				"${PODS_PODFILE_DIR_PATH}/Podfile.lock",
				"${PODS_ROOT}/Manifest.lock",
			);
			name = "[CP] Check Pods Manifest.lock";
			outputFileListPaths = (
			);
			outputPaths = (
				"$(DERIVED_FILE_DIR)/Pods-TaskCalendarApp-checkManifestLockResult.txt",
			);
			runOnlyForDeploymentPostprocessing = 0;
			shellPath = /bin/sh;
			shellScript = "diff \"${PODS_PODFILE_DIR_PATH}/Podfile.lock\" \"${PODS_ROOT}/Manifest.lock\" > /dev/null\nif [ $? != 0 ] ; then\n    # print error to STDERR\n    echo \"error: The sandbox is not in sync with the Podfile.lock. Run 'pod install' or update your CocoaPods installation.\" >&2\n    exit 1\nfi\n# This output is used by Xcode 'outputs' to avoid re-running this script phase.\necho \"SUCCESS\" > \"${SCRIPT_OUTPUT_FILE_0}\"\n";
			showEnvVarsInLog = 0;
		};
		B6C521439E9A86CA274D2D3E /* [CP] Embed Pods Frameworks */ = {
			isa = PBXShellScriptBuildPhase;
			buildActionMask = 2147483647;
			files = (
			);
			inputFileListPaths = (
				"${PODS_ROOT}/Target Support Files/Pods-TaskCalendarApp-TaskCalendarAppUITests/Pods-TaskCalendarApp-TaskCalendarAppUITests-frameworks-${CONFIGURATION}-input-files.xcfilelist",
			);
			name = "[CP] Embed Pods Frameworks";
			outputFileListPaths = (
				"${PODS_ROOT}/Target Support Files/Pods-TaskCalendarApp-TaskCalendarAppUITests/Pods-TaskCalendarApp-TaskCalendarAppUITests-frameworks-${CONFIGURATION}-output-files.xcfilelist",
			);
			runOnlyForDeploymentPostprocessing = 0;
			shellPath = /bin/sh;
			shellScript = "\"${PODS_ROOT}/Target Support Files/Pods-TaskCalendarApp-TaskCalendarAppUITests/Pods-TaskCalendarApp-TaskCalendarAppUITests-frameworks.sh\"\n";
			showEnvVarsInLog = 0;
		};
/* End PBXShellScriptBuildPhase section */

/* Begin PBXSourcesBuildPhase section */
		3DFA0AB923BA0A1F0012BF4F /* Sources */ = {
			isa = PBXSourcesBuildPhase;
			buildActionMask = 2147483647;
			files = (
				3DA45F0623BA0E5B00F9B36E /* CalendarDayCell.swift in Sources */,
				3DA45F0C23BA132600F9B36E /* NSObject+extension.swift in Sources */,
				3DFA0AC523BA0A1F0012BF4F /* CalendarViewController.swift in Sources */,
				3DA45F0A23BA12E200F9B36E /* UICollectionView+Extensions.swift in Sources */,
				3DFA0AC123BA0A1F0012BF4F /* AppDelegate.swift in Sources */,
				3DFA0AC323BA0A1F0012BF4F /* SceneDelegate.swift in Sources */,
			);
			runOnlyForDeploymentPostprocessing = 0;
		};
		3DFA0ACF23BA0A200012BF4F /* Sources */ = {
			isa = PBXSourcesBuildPhase;
			buildActionMask = 2147483647;
			files = (
				3DFA0AD823BA0A200012BF4F /* TaskCalendarAppTests.swift in Sources */,
			);
			runOnlyForDeploymentPostprocessing = 0;
		};
		3DFA0ADA23BA0A200012BF4F /* Sources */ = {
			isa = PBXSourcesBuildPhase;
			buildActionMask = 2147483647;
			files = (
				3DFA0AE323BA0A200012BF4F /* TaskCalendarAppUITests.swift in Sources */,
			);
			runOnlyForDeploymentPostprocessing = 0;
		};
/* End PBXSourcesBuildPhase section */

/* Begin PBXTargetDependency section */
		3DFA0AD523BA0A200012BF4F /* PBXTargetDependency */ = {
			isa = PBXTargetDependency;
			target = 3DFA0ABC23BA0A1F0012BF4F /* TaskCalendarApp */;
			targetProxy = 3DFA0AD423BA0A200012BF4F /* PBXContainerItemProxy */;
		};
		3DFA0AE023BA0A200012BF4F /* PBXTargetDependency */ = {
			isa = PBXTargetDependency;
			target = 3DFA0ABC23BA0A1F0012BF4F /* TaskCalendarApp */;
			targetProxy = 3DFA0ADF23BA0A200012BF4F /* PBXContainerItemProxy */;
		};
/* End PBXTargetDependency section */

/* Begin PBXVariantGroup section */
		3DFA0AC623BA0A1F0012BF4F /* Main.storyboard */ = {
			isa = PBXVariantGroup;
			children = (
				3DFA0AC723BA0A1F0012BF4F /* Base */,
			);
			name = Main.storyboard;
			sourceTree = "<group>";
		};
		3DFA0ACB23BA0A200012BF4F /* LaunchScreen.storyboard */ = {
			isa = PBXVariantGroup;
			children = (
				3DFA0ACC23BA0A200012BF4F /* Base */,
			);
			name = LaunchScreen.storyboard;
			sourceTree = "<group>";
		};
/* End PBXVariantGroup section */

/* Begin XCBuildConfiguration section */
		3DFA0AE523BA0A200012BF4F /* Debug */ = {
			isa = XCBuildConfiguration;
			buildSettings = {
				ALWAYS_SEARCH_USER_PATHS = NO;
				CLANG_ANALYZER_NONNULL = YES;
				CLANG_ANALYZER_NUMBER_OBJECT_CONVERSION = YES_AGGRESSIVE;
				CLANG_CXX_LANGUAGE_STANDARD = "gnu++14";
				CLANG_CXX_LIBRARY = "libc++";
				CLANG_ENABLE_MODULES = YES;
				CLANG_ENABLE_OBJC_ARC = YES;
				CLANG_ENABLE_OBJC_WEAK = YES;
				CLANG_WARN_BLOCK_CAPTURE_AUTORELEASING = YES;
				CLANG_WARN_BOOL_CONVERSION = YES;
				CLANG_WARN_COMMA = YES;
				CLANG_WARN_CONSTANT_CONVERSION = YES;
				CLANG_WARN_DEPRECATED_OBJC_IMPLEMENTATIONS = YES;
				CLANG_WARN_DIRECT_OBJC_ISA_USAGE = YES_ERROR;
				CLANG_WARN_DOCUMENTATION_COMMENTS = YES;
				CLANG_WARN_EMPTY_BODY = YES;
				CLANG_WARN_ENUM_CONVERSION = YES;
				CLANG_WARN_INFINITE_RECURSION = YES;
				CLANG_WARN_INT_CONVERSION = YES;
				CLANG_WARN_NON_LITERAL_NULL_CONVERSION = YES;
				CLANG_WARN_OBJC_IMPLICIT_RETAIN_SELF = YES;
				CLANG_WARN_OBJC_LITERAL_CONVERSION = YES;
				CLANG_WARN_OBJC_ROOT_CLASS = YES_ERROR;
				CLANG_WARN_RANGE_LOOP_ANALYSIS = YES;
				CLANG_WARN_STRICT_PROTOTYPES = YES;
				CLANG_WARN_SUSPICIOUS_MOVE = YES;
				CLANG_WARN_UNGUARDED_AVAILABILITY = YES_AGGRESSIVE;
				CLANG_WARN_UNREACHABLE_CODE = YES;
				CLANG_WARN__DUPLICATE_METHOD_MATCH = YES;
				COPY_PHASE_STRIP = NO;
				DEBUG_INFORMATION_FORMAT = dwarf;
				ENABLE_STRICT_OBJC_MSGSEND = YES;
				ENABLE_TESTABILITY = YES;
				GCC_C_LANGUAGE_STANDARD = gnu11;
				GCC_DYNAMIC_NO_PIC = NO;
				GCC_NO_COMMON_BLOCKS = YES;
				GCC_OPTIMIZATION_LEVEL = 0;
				GCC_PREPROCESSOR_DEFINITIONS = (
					"DEBUG=1",
					"$(inherited)",
				);
				GCC_WARN_64_TO_32_BIT_CONVERSION = YES;
				GCC_WARN_ABOUT_RETURN_TYPE = YES_ERROR;
				GCC_WARN_UNDECLARED_SELECTOR = YES;
				GCC_WARN_UNINITIALIZED_AUTOS = YES_AGGRESSIVE;
				GCC_WARN_UNUSED_FUNCTION = YES;
				GCC_WARN_UNUSED_VARIABLE = YES;
				IPHONEOS_DEPLOYMENT_TARGET = 13.1;
				MTL_ENABLE_DEBUG_INFO = INCLUDE_SOURCE;
				MTL_FAST_MATH = YES;
				ONLY_ACTIVE_ARCH = YES;
				SDKROOT = iphoneos;
				SWIFT_ACTIVE_COMPILATION_CONDITIONS = DEBUG;
				SWIFT_OPTIMIZATION_LEVEL = "-Onone";
			};
			name = Debug;
		};
		3DFA0AE623BA0A200012BF4F /* Release */ = {
			isa = XCBuildConfiguration;
			buildSettings = {
				ALWAYS_SEARCH_USER_PATHS = NO;
				CLANG_ANALYZER_NONNULL = YES;
				CLANG_ANALYZER_NUMBER_OBJECT_CONVERSION = YES_AGGRESSIVE;
				CLANG_CXX_LANGUAGE_STANDARD = "gnu++14";
				CLANG_CXX_LIBRARY = "libc++";
				CLANG_ENABLE_MODULES = YES;
				CLANG_ENABLE_OBJC_ARC = YES;
				CLANG_ENABLE_OBJC_WEAK = YES;
				CLANG_WARN_BLOCK_CAPTURE_AUTORELEASING = YES;
				CLANG_WARN_BOOL_CONVERSION = YES;
				CLANG_WARN_COMMA = YES;
				CLANG_WARN_CONSTANT_CONVERSION = YES;
				CLANG_WARN_DEPRECATED_OBJC_IMPLEMENTATIONS = YES;
				CLANG_WARN_DIRECT_OBJC_ISA_USAGE = YES_ERROR;
				CLANG_WARN_DOCUMENTATION_COMMENTS = YES;
				CLANG_WARN_EMPTY_BODY = YES;
				CLANG_WARN_ENUM_CONVERSION = YES;
				CLANG_WARN_INFINITE_RECURSION = YES;
				CLANG_WARN_INT_CONVERSION = YES;
				CLANG_WARN_NON_LITERAL_NULL_CONVERSION = YES;
				CLANG_WARN_OBJC_IMPLICIT_RETAIN_SELF = YES;
				CLANG_WARN_OBJC_LITERAL_CONVERSION = YES;
				CLANG_WARN_OBJC_ROOT_CLASS = YES_ERROR;
				CLANG_WARN_RANGE_LOOP_ANALYSIS = YES;
				CLANG_WARN_STRICT_PROTOTYPES = YES;
				CLANG_WARN_SUSPICIOUS_MOVE = YES;
				CLANG_WARN_UNGUARDED_AVAILABILITY = YES_AGGRESSIVE;
				CLANG_WARN_UNREACHABLE_CODE = YES;
				CLANG_WARN__DUPLICATE_METHOD_MATCH = YES;
				COPY_PHASE_STRIP = NO;
				DEBUG_INFORMATION_FORMAT = "dwarf-with-dsym";
				ENABLE_NS_ASSERTIONS = NO;
				ENABLE_STRICT_OBJC_MSGSEND = YES;
				GCC_C_LANGUAGE_STANDARD = gnu11;
				GCC_NO_COMMON_BLOCKS = YES;
				GCC_WARN_64_TO_32_BIT_CONVERSION = YES;
				GCC_WARN_ABOUT_RETURN_TYPE = YES_ERROR;
				GCC_WARN_UNDECLARED_SELECTOR = YES;
				GCC_WARN_UNINITIALIZED_AUTOS = YES_AGGRESSIVE;
				GCC_WARN_UNUSED_FUNCTION = YES;
				GCC_WARN_UNUSED_VARIABLE = YES;
				IPHONEOS_DEPLOYMENT_TARGET = 13.1;
				MTL_ENABLE_DEBUG_INFO = NO;
				MTL_FAST_MATH = YES;
				SDKROOT = iphoneos;
				SWIFT_COMPILATION_MODE = wholemodule;
				SWIFT_OPTIMIZATION_LEVEL = "-O";
				VALIDATE_PRODUCT = YES;
			};
			name = Release;
		};
		3DFA0AE823BA0A200012BF4F /* Debug */ = {
			isa = XCBuildConfiguration;
			baseConfigurationReference = 33B1AE43000382E40F0BA3E9 /* Pods-TaskCalendarApp.debug.xcconfig */;
			buildSettings = {
				ASSETCATALOG_COMPILER_APPICON_NAME = AppIcon;
				CODE_SIGN_STYLE = Automatic;
				DEVELOPMENT_TEAM = GXEN49NFED;
				INFOPLIST_FILE = TaskCalendarApp/Info.plist;
				LD_RUNPATH_SEARCH_PATHS = (
					"$(inherited)",
					"@executable_path/Frameworks",
				);
				PRODUCT_BUNDLE_IDENTIFIER = com.nwatabou.TaskCalendarApp;
				PRODUCT_NAME = "$(TARGET_NAME)";
				SWIFT_VERSION = 5.0;
				TARGETED_DEVICE_FAMILY = "1,2";
			};
			name = Debug;
		};
		3DFA0AE923BA0A200012BF4F /* Release */ = {
			isa = XCBuildConfiguration;
			baseConfigurationReference = F48136185F7FC73F495E3A84 /* Pods-TaskCalendarApp.release.xcconfig */;
			buildSettings = {
				ASSETCATALOG_COMPILER_APPICON_NAME = AppIcon;
				CODE_SIGN_STYLE = Automatic;
				DEVELOPMENT_TEAM = GXEN49NFED;
				INFOPLIST_FILE = TaskCalendarApp/Info.plist;
				LD_RUNPATH_SEARCH_PATHS = (
					"$(inherited)",
					"@executable_path/Frameworks",
				);
				PRODUCT_BUNDLE_IDENTIFIER = com.nwatabou.TaskCalendarApp;
				PRODUCT_NAME = "$(TARGET_NAME)";
				SWIFT_VERSION = 5.0;
				TARGETED_DEVICE_FAMILY = "1,2";
			};
			name = Release;
		};
		3DFA0AEB23BA0A200012BF4F /* Debug */ = {
			isa = XCBuildConfiguration;
			baseConfigurationReference = 5766C02754FAB7D14F4BE17B /* Pods-TaskCalendarAppTests.debug.xcconfig */;
			buildSettings = {
				ALWAYS_EMBED_SWIFT_STANDARD_LIBRARIES = YES;
				BUNDLE_LOADER = "$(TEST_HOST)";
				CODE_SIGN_STYLE = Automatic;
				DEVELOPMENT_TEAM = GXEN49NFED;
				INFOPLIST_FILE = TaskCalendarAppTests/Info.plist;
				IPHONEOS_DEPLOYMENT_TARGET = 13.1;
				LD_RUNPATH_SEARCH_PATHS = (
					"$(inherited)",
					"@executable_path/Frameworks",
					"@loader_path/Frameworks",
				);
				PRODUCT_BUNDLE_IDENTIFIER = com.nwatabou.TaskCalendarAppTests;
				PRODUCT_NAME = "$(TARGET_NAME)";
				SWIFT_VERSION = 5.0;
				TARGETED_DEVICE_FAMILY = "1,2";
				TEST_HOST = "$(BUILT_PRODUCTS_DIR)/TaskCalendarApp.app/TaskCalendarApp";
			};
			name = Debug;
		};
		3DFA0AEC23BA0A200012BF4F /* Release */ = {
			isa = XCBuildConfiguration;
			baseConfigurationReference = 803125153E8743E79AFBC9AC /* Pods-TaskCalendarAppTests.release.xcconfig */;
			buildSettings = {
				ALWAYS_EMBED_SWIFT_STANDARD_LIBRARIES = YES;
				BUNDLE_LOADER = "$(TEST_HOST)";
				CODE_SIGN_STYLE = Automatic;
				DEVELOPMENT_TEAM = GXEN49NFED;
				INFOPLIST_FILE = TaskCalendarAppTests/Info.plist;
				IPHONEOS_DEPLOYMENT_TARGET = 13.1;
				LD_RUNPATH_SEARCH_PATHS = (
					"$(inherited)",
					"@executable_path/Frameworks",
					"@loader_path/Frameworks",
				);
				PRODUCT_BUNDLE_IDENTIFIER = com.nwatabou.TaskCalendarAppTests;
				PRODUCT_NAME = "$(TARGET_NAME)";
				SWIFT_VERSION = 5.0;
				TARGETED_DEVICE_FAMILY = "1,2";
				TEST_HOST = "$(BUILT_PRODUCTS_DIR)/TaskCalendarApp.app/TaskCalendarApp";
			};
			name = Release;
		};
		3DFA0AEE23BA0A200012BF4F /* Debug */ = {
			isa = XCBuildConfiguration;
			baseConfigurationReference = F8C7C0B2196253E4199C372E /* Pods-TaskCalendarApp-TaskCalendarAppUITests.debug.xcconfig */;
			buildSettings = {
				ALWAYS_EMBED_SWIFT_STANDARD_LIBRARIES = YES;
				CODE_SIGN_STYLE = Automatic;
				DEVELOPMENT_TEAM = GXEN49NFED;
				INFOPLIST_FILE = TaskCalendarAppUITests/Info.plist;
				LD_RUNPATH_SEARCH_PATHS = (
					"$(inherited)",
					"@executable_path/Frameworks",
					"@loader_path/Frameworks",
				);
				PRODUCT_BUNDLE_IDENTIFIER = com.nwatabou.TaskCalendarAppUITests;
				PRODUCT_NAME = "$(TARGET_NAME)";
				SWIFT_VERSION = 5.0;
				TARGETED_DEVICE_FAMILY = "1,2";
				TEST_TARGET_NAME = TaskCalendarApp;
			};
			name = Debug;
		};
		3DFA0AEF23BA0A200012BF4F /* Release */ = {
			isa = XCBuildConfiguration;
			baseConfigurationReference = BA6B0711B12DA3534536E397 /* Pods-TaskCalendarApp-TaskCalendarAppUITests.release.xcconfig */;
			buildSettings = {
				ALWAYS_EMBED_SWIFT_STANDARD_LIBRARIES = YES;
				CODE_SIGN_STYLE = Automatic;
				DEVELOPMENT_TEAM = GXEN49NFED;
				INFOPLIST_FILE = TaskCalendarAppUITests/Info.plist;
				LD_RUNPATH_SEARCH_PATHS = (
					"$(inherited)",
					"@executable_path/Frameworks",
					"@loader_path/Frameworks",
				);
				PRODUCT_BUNDLE_IDENTIFIER = com.nwatabou.TaskCalendarAppUITests;
				PRODUCT_NAME = "$(TARGET_NAME)";
				SWIFT_VERSION = 5.0;
				TARGETED_DEVICE_FAMILY = "1,2";
				TEST_TARGET_NAME = TaskCalendarApp;
			};
			name = Release;
		};
/* End XCBuildConfiguration section */

/* Begin XCConfigurationList section */
		3DFA0AB823BA0A1F0012BF4F /* Build configuration list for PBXProject "TaskCalendarApp" */ = {
			isa = XCConfigurationList;
			buildConfigurations = (
				3DFA0AE523BA0A200012BF4F /* Debug */,
				3DFA0AE623BA0A200012BF4F /* Release */,
			);
			defaultConfigurationIsVisible = 0;
			defaultConfigurationName = Release;
		};
		3DFA0AE723BA0A200012BF4F /* Build configuration list for PBXNativeTarget "TaskCalendarApp" */ = {
			isa = XCConfigurationList;
			buildConfigurations = (
				3DFA0AE823BA0A200012BF4F /* Debug */,
				3DFA0AE923BA0A200012BF4F /* Release */,
			);
			defaultConfigurationIsVisible = 0;
			defaultConfigurationName = Release;
		};
		3DFA0AEA23BA0A200012BF4F /* Build configuration list for PBXNativeTarget "TaskCalendarAppTests" */ = {
			isa = XCConfigurationList;
			buildConfigurations = (
				3DFA0AEB23BA0A200012BF4F /* Debug */,
				3DFA0AEC23BA0A200012BF4F /* Release */,
			);
			defaultConfigurationIsVisible = 0;
			defaultConfigurationName = Release;
		};
		3DFA0AED23BA0A200012BF4F /* Build configuration list for PBXNativeTarget "TaskCalendarAppUITests" */ = {
			isa = XCConfigurationList;
			buildConfigurations = (
				3DFA0AEE23BA0A200012BF4F /* Debug */,
				3DFA0AEF23BA0A200012BF4F /* Release */,
			);
			defaultConfigurationIsVisible = 0;
			defaultConfigurationName = Release;
		};
/* End XCConfigurationList section */
	};
	rootObject = 3DFA0AB523BA0A1F0012BF4F /* Project object */;
}
